
Microsoft Visual Studio Solution File, Format Version 12.00
# Visual Studio Version 17
VisualStudioVersion = 17.1.32210.238
MinimumVisualStudioVersion = 10.0.40219.1
Project("{E53339B2-1760-4266-BCC7-CA923CBCF16C}") = "docker-compose", "docker-compose.dcproj", "{622EE496-4EF6-48FD-BCA7-03C388630EEC}"
EndProject
Project("{2150E333-8FDC-42A3-9474-1A3956D46DE8}") = "Data", "Data", "{9FFDBBBD-9C88-49FF-BAC3-521CE174288B}"
EndProject
Project("{2150E333-8FDC-42A3-9474-1A3956D46DE8}") = "Services", "Services", "{890CAE69-E2BF-4909-BC93-6215D8E383D9}"
EndProject
Project("{2150E333-8FDC-42A3-9474-1A3956D46DE8}") = "Common", "Common", "{CD1402AB-5DCC-4910-B3AE-66D363D43466}"
EndProject
Project("{2150E333-8FDC-42A3-9474-1A3956D46DE8}") = "UI", "UI", "{5FA76252-3472-4126-A97E-281C207A9C82}"
EndProject
Project("{9A19103F-16F7-4668-BE54-9A1E7A4F7556}") = "WebStore.Domain", "Common\WebStore.Domain\WebStore.Domain.csproj", "{56BD1BA6-D681-4343-BE8D-58862911B6DC}"
EndProject
Project("{9A19103F-16F7-4668-BE54-9A1E7A4F7556}") = "WebStore.DAL", "Data\WebStore.DAL\WebStore.DAL.csproj", "{3003789B-92A7-4C4F-8253-4104F366E72A}"
EndProject
Project("{9A19103F-16F7-4668-BE54-9A1E7A4F7556}") = "WebStore.DAL.Sqlite", "Data\WebStore.DAL.Sqlite\WebStore.DAL.Sqlite.csproj", "{F8A92E11-8C45-4A0B-8D14-9F150ECDF202}"
EndProject
Project("{2150E333-8FDC-42A3-9474-1A3956D46DE8}") = "Solution Items", "Solution Items", "{3EFD4F8F-09FC-40D7-89A3-3AA301CFA01F}"
	ProjectSection(SolutionItems) = preProject
		.gitignore = .gitignore
	EndProjectSection
EndProject
Project("{9A19103F-16F7-4668-BE54-9A1E7A4F7556}") = "WebStore.Interfaces", "Services\WebStore.Interfaces\WebStore.Interfaces.csproj", "{FE9953CC-6002-4187-AB8F-B83CB194C830}"
EndProject
Project("{9A19103F-16F7-4668-BE54-9A1E7A4F7556}") = "WebStore.Services", "Services\WebStore.Services\WebStore.Services.csproj", "{E7D92779-7C29-4D04-9406-76DFB427B3D3}"
EndProject
Project("{9A19103F-16F7-4668-BE54-9A1E7A4F7556}") = "WebStore.WebApp", "UI\WebStore.WebApp\WebStore.WebApp.csproj", "{FE9A0D52-2DBB-45CD-A5F2-3B28B9C12D74}"
EndProject
Project("{9A19103F-16F7-4668-BE54-9A1E7A4F7556}") = "WebStore.WebAPI", "Services\WebStore.WebAPI\WebStore.WebAPI.csproj", "{D2743B45-B819-42D1-9575-DC6A0A9A8CF5}"
EndProject
Project("{9A19103F-16F7-4668-BE54-9A1E7A4F7556}") = "WebStore.WebAPI.Clients", "Services\WebStore.WebAPI.Clients\WebStore.WebAPI.Clients.csproj", "{67BDB4C8-97A5-4D44-B276-CA126F98F4F8}"
EndProject
Project("{FAE04EC0-301F-11D3-BF4B-00C04F79EFBC}") = "WebStore.ConsoleUI", "UI\WebStore.ConsoleUI\WebStore.ConsoleUI.csproj", "{E395A098-BE1A-4F6C-AE5A-F9A0397A434E}"
EndProject
Global
	GlobalSection(SolutionConfigurationPlatforms) = preSolution
		Debug|Any CPU = Debug|Any CPU
		Release|Any CPU = Release|Any CPU
	EndGlobalSection
	GlobalSection(ProjectConfigurationPlatforms) = postSolution
		{622EE496-4EF6-48FD-BCA7-03C388630EEC}.Debug|Any CPU.ActiveCfg = Debug|Any CPU
		{622EE496-4EF6-48FD-BCA7-03C388630EEC}.Debug|Any CPU.Build.0 = Debug|Any CPU
		{622EE496-4EF6-48FD-BCA7-03C388630EEC}.Release|Any CPU.ActiveCfg = Release|Any CPU
		{622EE496-4EF6-48FD-BCA7-03C388630EEC}.Release|Any CPU.Build.0 = Release|Any CPU
		{56BD1BA6-D681-4343-BE8D-58862911B6DC}.Debug|Any CPU.ActiveCfg = Debug|Any CPU
		{56BD1BA6-D681-4343-BE8D-58862911B6DC}.Debug|Any CPU.Build.0 = Debug|Any CPU
		{56BD1BA6-D681-4343-BE8D-58862911B6DC}.Release|Any CPU.ActiveCfg = Release|Any CPU
		{56BD1BA6-D681-4343-BE8D-58862911B6DC}.Release|Any CPU.Build.0 = Release|Any CPU
		{3003789B-92A7-4C4F-8253-4104F366E72A}.Debug|Any CPU.ActiveCfg = Debug|Any CPU
		{3003789B-92A7-4C4F-8253-4104F366E72A}.Debug|Any CPU.Build.0 = Debug|Any CPU
		{3003789B-92A7-4C4F-8253-4104F366E72A}.Release|Any CPU.ActiveCfg = Release|Any CPU
		{3003789B-92A7-4C4F-8253-4104F366E72A}.Release|Any CPU.Build.0 = Release|Any CPU
		{F8A92E11-8C45-4A0B-8D14-9F150ECDF202}.Debug|Any CPU.ActiveCfg = Debug|Any CPU
		{F8A92E11-8C45-4A0B-8D14-9F150ECDF202}.Debug|Any CPU.Build.0 = Debug|Any CPU
		{F8A92E11-8C45-4A0B-8D14-9F150ECDF202}.Release|Any CPU.ActiveCfg = Release|Any CPU
		{F8A92E11-8C45-4A0B-8D14-9F150ECDF202}.Release|Any CPU.Build.0 = Release|Any CPU
		{FE9953CC-6002-4187-AB8F-B83CB194C830}.Debug|Any CPU.ActiveCfg = Debug|Any CPU
		{FE9953CC-6002-4187-AB8F-B83CB194C830}.Debug|Any CPU.Build.0 = Debug|Any CPU
		{FE9953CC-6002-4187-AB8F-B83CB194C830}.Release|Any CPU.ActiveCfg = Release|Any CPU
		{FE9953CC-6002-4187-AB8F-B83CB194C830}.Release|Any CPU.Build.0 = Release|Any CPU
		{E7D92779-7C29-4D04-9406-76DFB427B3D3}.Debug|Any CPU.ActiveCfg = Debug|Any CPU
		{E7D92779-7C29-4D04-9406-76DFB427B3D3}.Debug|Any CPU.Build.0 = Debug|Any CPU
		{E7D92779-7C29-4D04-9406-76DFB427B3D3}.Release|Any CPU.ActiveCfg = Release|Any CPU
		{E7D92779-7C29-4D04-9406-76DFB427B3D3}.Release|Any CPU.Build.0 = Release|Any CPU
		{FE9A0D52-2DBB-45CD-A5F2-3B28B9C12D74}.Debug|Any CPU.ActiveCfg = Debug|Any CPU
		{FE9A0D52-2DBB-45CD-A5F2-3B28B9C12D74}.Debug|Any CPU.Build.0 = Debug|Any CPU
		{FE9A0D52-2DBB-45CD-A5F2-3B28B9C12D74}.Release|Any CPU.ActiveCfg = Release|Any CPU
		{FE9A0D52-2DBB-45CD-A5F2-3B28B9C12D74}.Release|Any CPU.Build.0 = Release|Any CPU
		{D2743B45-B819-42D1-9575-DC6A0A9A8CF5}.Debug|Any CPU.ActiveCfg = Debug|Any CPU
		{D2743B45-B819-42D1-9575-DC6A0A9A8CF5}.Debug|Any CPU.Build.0 = Debug|Any CPU
		{D2743B45-B819-42D1-9575-DC6A0A9A8CF5}.Release|Any CPU.ActiveCfg = Release|Any CPU
		{D2743B45-B819-42D1-9575-DC6A0A9A8CF5}.Release|Any CPU.Build.0 = Release|Any CPU
		{67BDB4C8-97A5-4D44-B276-CA126F98F4F8}.Debug|Any CPU.ActiveCfg = Debug|Any CPU
		{67BDB4C8-97A5-4D44-B276-CA126F98F4F8}.Debug|Any CPU.Build.0 = Debug|Any CPU
		{67BDB4C8-97A5-4D44-B276-CA126F98F4F8}.Release|Any CPU.ActiveCfg = Release|Any CPU
		{67BDB4C8-97A5-4D44-B276-CA126F98F4F8}.Release|Any CPU.Build.0 = Release|Any CPU
		{E395A098-BE1A-4F6C-AE5A-F9A0397A434E}.Debug|Any CPU.ActiveCfg = Debug|Any CPU
		{E395A098-BE1A-4F6C-AE5A-F9A0397A434E}.Debug|Any CPU.Build.0 = Debug|Any CPU
		{E395A098-BE1A-4F6C-AE5A-F9A0397A434E}.Release|Any CPU.ActiveCfg = Release|Any CPU
		{E395A098-BE1A-4F6C-AE5A-F9A0397A434E}.Release|Any CPU.Build.0 = Release|Any CPU
	EndGlobalSection
	GlobalSection(SolutionProperties) = preSolution
		HideSolutionNode = FALSE
	EndGlobalSection
	GlobalSection(NestedProjects) = preSolution
		{56BD1BA6-D681-4343-BE8D-58862911B6DC} = {CD1402AB-5DCC-4910-B3AE-66D363D43466}
		{3003789B-92A7-4C4F-8253-4104F366E72A} = {9FFDBBBD-9C88-49FF-BAC3-521CE174288B}
		{F8A92E11-8C45-4A0B-8D14-9F150ECDF202} = {9FFDBBBD-9C88-49FF-BAC3-521CE174288B}
		{FE9953CC-6002-4187-AB8F-B83CB194C830} = {890CAE69-E2BF-4909-BC93-6215D8E383D9}
		{E7D92779-7C29-4D04-9406-76DFB427B3D3} = {890CAE69-E2BF-4909-BC93-6215D8E383D9}
		{FE9A0D52-2DBB-45CD-A5F2-3B28B9C12D74} = {5FA76252-3472-4126-A97E-281C207A9C82}
		{D2743B45-B819-42D1-9575-DC6A0A9A8CF5} = {890CAE69-E2BF-4909-BC93-6215D8E383D9}
		{67BDB4C8-97A5-4D44-B276-CA126F98F4F8} = {890CAE69-E2BF-4909-BC93-6215D8E383D9}
		{E395A098-BE1A-4F6C-AE5A-F9A0397A434E} = {5FA76252-3472-4126-A97E-281C207A9C82}
	EndGlobalSection
	GlobalSection(ExtensibilityGlobals) = postSolution
		SolutionGuid = {B7806875-7C04-4969-9840-9F9132B41675}
	EndGlobalSection
EndGlobal
